// !$*UTF8*$!
{
	archiveVersion = 1;
	classes = {
	};
	objectVersion = 55;
	objects = {

/* Begin PBXBuildFile section */
		AF32740728E085FE00CF6858 /* WeatherApp.swift in Sources */ = {isa = PBXBuildFile; fileRef = AF32740628E085FE00CF6858 /* WeatherApp.swift */; };
		AF32740928E085FE00CF6858 /* ContentView.swift in Sources */ = {isa = PBXBuildFile; fileRef = AF32740828E085FE00CF6858 /* ContentView.swift */; };
		AF32740B28E0860200CF6858 /* Assets.xcassets in Resources */ = {isa = PBXBuildFile; fileRef = AF32740A28E0860200CF6858 /* Assets.xcassets */; };
		AF32740E28E0860200CF6858 /* Preview Assets.xcassets in Resources */ = {isa = PBXBuildFile; fileRef = AF32740D28E0860200CF6858 /* Preview Assets.xcassets */; };
		AF32741C28E088F400CF6858 /* Extensions.swift in Sources */ = {isa = PBXBuildFile; fileRef = AF32741B28E088F400CF6858 /* Extensions.swift */; };
		AF32741E28E08CE800CF6858 /* HomeView.swift in Sources */ = {isa = PBXBuildFile; fileRef = AF32741D28E08CE800CF6858 /* HomeView.swift */; };
		AF32742028E091F400CF6858 /* TabBar.swift in Sources */ = {isa = PBXBuildFile; fileRef = AF32741F28E091F400CF6858 /* TabBar.swift */; };
		AF32742228E0949100CF6858 /* Shapes.swift in Sources */ = {isa = PBXBuildFile; fileRef = AF32742128E0949100CF6858 /* Shapes.swift */; };
		AF32742528E0993100CF6858 /* BottomSheet in Frameworks */ = {isa = PBXBuildFile; productRef = AF32742428E0993100CF6858 /* BottomSheet */; };
		AF32742728E09AD400CF6858 /* ForecastView.swift in Sources */ = {isa = PBXBuildFile; fileRef = AF32742628E09AD400CF6858 /* ForecastView.swift */; };
		AF32742928E09FB300CF6858 /* Blur.swift in Sources */ = {isa = PBXBuildFile; fileRef = AF32742828E09FB300CF6858 /* Blur.swift */; };
		AF32742B28E5AB2800CF6858 /* SegmentedControl.swift in Sources */ = {isa = PBXBuildFile; fileRef = AF32742A28E5AB2800CF6858 /* SegmentedControl.swift */; };
		AFC5F8CA28E5BA470012E4C0 /* ForecastModel.swift in Sources */ = {isa = PBXBuildFile; fileRef = AFC5F8C928E5BA470012E4C0 /* ForecastModel.swift */; };
		AFC5F8CE28E5BE050012E4C0 /* ForecastCard.swift in Sources */ = {isa = PBXBuildFile; fileRef = AFC5F8CD28E5BE050012E4C0 /* ForecastCard.swift */; };
		AFC5F8D028E5D7180012E4C0 /* NavigationBar.swift in Sources */ = {isa = PBXBuildFile; fileRef = AFC5F8CF28E5D7180012E4C0 /* NavigationBar.swift */; };
		AFC5F8D228E5D8A90012E4C0 /* WeatherView.swift in Sources */ = {isa = PBXBuildFile; fileRef = AFC5F8D128E5D8A90012E4C0 /* WeatherView.swift */; };
		AFC5F8D428E5D9DD0012E4C0 /* WeatherWidget.swift in Sources */ = {isa = PBXBuildFile; fileRef = AFC5F8D328E5D9DD0012E4C0 /* WeatherWidget.swift */; };
/* End PBXBuildFile section */

/* Begin PBXFileReference section */
		AF32740328E085FE00CF6858 /* Weather.app */ = {isa = PBXFileReference; explicitFileType = wrapper.application; includeInIndex = 0; path = Weather.app; sourceTree = BUILT_PRODUCTS_DIR; };
		AF32740628E085FE00CF6858 /* WeatherApp.swift */ = {isa = PBXFileReference; lastKnownFileType = sourcecode.swift; path = WeatherApp.swift; sourceTree = "<group>"; };
		AF32740828E085FE00CF6858 /* ContentView.swift */ = {isa = PBXFileReference; lastKnownFileType = sourcecode.swift; path = ContentView.swift; sourceTree = "<group>"; };
		AF32740A28E0860200CF6858 /* Assets.xcassets */ = {isa = PBXFileReference; lastKnownFileType = folder.assetcatalog; path = Assets.xcassets; sourceTree = "<group>"; };
		AF32740D28E0860200CF6858 /* Preview Assets.xcassets */ = {isa = PBXFileReference; lastKnownFileType = folder.assetcatalog; path = "Preview Assets.xcassets"; sourceTree = "<group>"; };
		AF32741B28E088F400CF6858 /* Extensions.swift */ = {isa = PBXFileReference; lastKnownFileType = sourcecode.swift; path = Extensions.swift; sourceTree = "<group>"; };
		AF32741D28E08CE800CF6858 /* HomeView.swift */ = {isa = PBXFileReference; lastKnownFileType = sourcecode.swift; path = HomeView.swift; sourceTree = "<group>"; };
		AF32741F28E091F400CF6858 /* TabBar.swift */ = {isa = PBXFileReference; lastKnownFileType = sourcecode.swift; path = TabBar.swift; sourceTree = "<group>"; };
		AF32742128E0949100CF6858 /* Shapes.swift */ = {isa = PBXFileReference; lastKnownFileType = sourcecode.swift; path = Shapes.swift; sourceTree = "<group>"; };
		AF32742628E09AD400CF6858 /* ForecastView.swift */ = {isa = PBXFileReference; lastKnownFileType = sourcecode.swift; path = ForecastView.swift; sourceTree = "<group>"; };
		AF32742828E09FB300CF6858 /* Blur.swift */ = {isa = PBXFileReference; lastKnownFileType = sourcecode.swift; path = Blur.swift; sourceTree = "<group>"; };
		AF32742A28E5AB2800CF6858 /* SegmentedControl.swift */ = {isa = PBXFileReference; lastKnownFileType = sourcecode.swift; path = SegmentedControl.swift; sourceTree = "<group>"; };
		AFC5F8C928E5BA470012E4C0 /* ForecastModel.swift */ = {isa = PBXFileReference; lastKnownFileType = sourcecode.swift; path = ForecastModel.swift; sourceTree = "<group>"; };
		AFC5F8CD28E5BE050012E4C0 /* ForecastCard.swift */ = {isa = PBXFileReference; lastKnownFileType = sourcecode.swift; path = ForecastCard.swift; sourceTree = "<group>"; };
		AFC5F8CF28E5D7180012E4C0 /* NavigationBar.swift */ = {isa = PBXFileReference; lastKnownFileType = sourcecode.swift; path = NavigationBar.swift; sourceTree = "<group>"; };
		AFC5F8D128E5D8A90012E4C0 /* WeatherView.swift */ = {isa = PBXFileReference; lastKnownFileType = sourcecode.swift; path = WeatherView.swift; sourceTree = "<group>"; };
		AFC5F8D328E5D9DD0012E4C0 /* WeatherWidget.swift */ = {isa = PBXFileReference; lastKnownFileType = sourcecode.swift; path = WeatherWidget.swift; sourceTree = "<group>"; };
/* End PBXFileReference section */

/* Begin PBXFrameworksBuildPhase section */
		AF32740028E085FE00CF6858 /* Frameworks */ = {
			isa = PBXFrameworksBuildPhase;
			buildActionMask = 2147483647;
			files = (
				AF32742528E0993100CF6858 /* BottomSheet in Frameworks */,
			);
			runOnlyForDeploymentPostprocessing = 0;
		};
/* End PBXFrameworksBuildPhase section */

/* Begin PBXGroup section */
		AF3273FA28E085FE00CF6858 = {
			isa = PBXGroup;
			children = (
				AF32740528E085FE00CF6858 /* Weather */,
				AF32740428E085FE00CF6858 /* Products */,
			);
			sourceTree = "<group>";
		};
		AF32740428E085FE00CF6858 /* Products */ = {
			isa = PBXGroup;
			children = (
				AF32740328E085FE00CF6858 /* Weather.app */,
			);
			name = Products;
			sourceTree = "<group>";
		};
		AF32740528E085FE00CF6858 /* Weather */ = {
			isa = PBXGroup;
			children = (
				AF32740628E085FE00CF6858 /* WeatherApp.swift */,
				AF32741428E0884500CF6858 /* Views */,
				AF32741928E0888B00CF6858 /* Models */,
				AF32741A28E0889200CF6858 /* Utils */,
				AF32740A28E0860200CF6858 /* Assets.xcassets */,
				AF32740C28E0860200CF6858 /* Preview Content */,
			);
			path = Weather;
			sourceTree = "<group>";
		};
		AF32740C28E0860200CF6858 /* Preview Content */ = {
			isa = PBXGroup;
			children = (
				AF32740D28E0860200CF6858 /* Preview Assets.xcassets */,
			);
			path = "Preview Content";
			sourceTree = "<group>";
		};
		AF32741428E0884500CF6858 /* Views */ = {
			isa = PBXGroup;
			children = (
				AF32741528E0885000CF6858 /* Main */,
				AF32741628E0885800CF6858 /* Navigation */,
				AF32741728E0886000CF6858 /* Detail */,
				AF32741828E0886500CF6858 /* Components */,
			);
			path = Views;
			sourceTree = "<group>";
		};
		AF32741528E0885000CF6858 /* Main */ = {
			isa = PBXGroup;
			children = (
				AF32740828E085FE00CF6858 /* ContentView.swift */,
				AF32741D28E08CE800CF6858 /* HomeView.swift */,
			);
			path = Main;
			sourceTree = "<group>";
		};
		AF32741628E0885800CF6858 /* Navigation */ = {
			isa = PBXGroup;
			children = (
				AF32741F28E091F400CF6858 /* TabBar.swift */,
				AFC5F8CF28E5D7180012E4C0 /* NavigationBar.swift */,
			);
			path = Navigation;
			sourceTree = "<group>";
		};
		AF32741728E0886000CF6858 /* Detail */ = {
			isa = PBXGroup;
			children = (
				AF32742628E09AD400CF6858 /* ForecastView.swift */,
				AFC5F8D128E5D8A90012E4C0 /* WeatherView.swift */,
			);
			path = Detail;
			sourceTree = "<group>";
		};
		AF32741828E0886500CF6858 /* Components */ = {
			isa = PBXGroup;
			children = (
				AF32742828E09FB300CF6858 /* Blur.swift */,
				AF32742A28E5AB2800CF6858 /* SegmentedControl.swift */,
				AFC5F8CD28E5BE050012E4C0 /* ForecastCard.swift */,
				AFC5F8D328E5D9DD0012E4C0 /* WeatherWidget.swift */,
			);
			path = Components;
			sourceTree = "<group>";
		};
		AF32741928E0888B00CF6858 /* Models */ = {
			isa = PBXGroup;
			children = (
				AFC5F8C928E5BA470012E4C0 /* ForecastModel.swift */,
			);
			path = Models;
			sourceTree = "<group>";
		};
		AF32741A28E0889200CF6858 /* Utils */ = {
			isa = PBXGroup;
			children = (
				AF32741B28E088F400CF6858 /* Extensions.swift */,
				AF32742128E0949100CF6858 /* Shapes.swift */,
			);
			path = Utils;
			sourceTree = "<group>";
		};
/* End PBXGroup section */

/* Begin PBXNativeTarget section */
		AF32740228E085FE00CF6858 /* Weather */ = {
			isa = PBXNativeTarget;
			buildConfigurationList = AF32741128E0860200CF6858 /* Build configuration list for PBXNativeTarget "Weather" */;
			buildPhases = (
				AF3273FF28E085FE00CF6858 /* Sources */,
				AF32740028E085FE00CF6858 /* Frameworks */,
				AF32740128E085FE00CF6858 /* Resources */,
			);
			buildRules = (
			);
			dependencies = (
			);
			name = Weather;
			packageProductDependencies = (
				AF32742428E0993100CF6858 /* BottomSheet */,
			);
			productName = Weather;
			productReference = AF32740328E085FE00CF6858 /* Weather.app */;
			productType = "com.apple.product-type.application";
		};
/* End PBXNativeTarget section */

/* Begin PBXProject section */
		AF3273FB28E085FE00CF6858 /* Project object */ = {
			isa = PBXProject;
			attributes = {
				BuildIndependentTargetsInParallel = 1;
				LastSwiftUpdateCheck = 1340;
				LastUpgradeCheck = 1340;
				TargetAttributes = {
					AF32740228E085FE00CF6858 = {
						CreatedOnToolsVersion = 13.4.1;
					};
				};
			};
			buildConfigurationList = AF3273FE28E085FE00CF6858 /* Build configuration list for PBXProject "Weather" */;
			compatibilityVersion = "Xcode 13.0";
			developmentRegion = en;
			hasScannedForEncodings = 0;
			knownRegions = (
				en,
				Base,
			);
			mainGroup = AF3273FA28E085FE00CF6858;
			packageReferences = (
				AF32742328E0993100CF6858 /* XCRemoteSwiftPackageReference "BottomSheet" */,
			);
			productRefGroup = AF32740428E085FE00CF6858 /* Products */;
			projectDirPath = "";
			projectRoot = "";
			targets = (
				AF32740228E085FE00CF6858 /* Weather */,
			);
		};
/* End PBXProject section */

/* Begin PBXResourcesBuildPhase section */
		AF32740128E085FE00CF6858 /* Resources */ = {
			isa = PBXResourcesBuildPhase;
			buildActionMask = 2147483647;
			files = (
				AF32740E28E0860200CF6858 /* Preview Assets.xcassets in Resources */,
				AF32740B28E0860200CF6858 /* Assets.xcassets in Resources */,
			);
			runOnlyForDeploymentPostprocessing = 0;
		};
/* End PBXResourcesBuildPhase section */

/* Begin PBXSourcesBuildPhase section */
		AF3273FF28E085FE00CF6858 /* Sources */ = {
			isa = PBXSourcesBuildPhase;
			buildActionMask = 2147483647;
			files = (
				AFC5F8D428E5D9DD0012E4C0 /* WeatherWidget.swift in Sources */,
				AFC5F8CE28E5BE050012E4C0 /* ForecastCard.swift in Sources */,
				AF32740928E085FE00CF6858 /* ContentView.swift in Sources */,
				AF32742B28E5AB2800CF6858 /* SegmentedControl.swift in Sources */,
				AF32741E28E08CE800CF6858 /* HomeView.swift in Sources */,
				AF32742928E09FB300CF6858 /* Blur.swift in Sources */,
				AFC5F8D228E5D8A90012E4C0 /* WeatherView.swift in Sources */,
				AF32741C28E088F400CF6858 /* Extensions.swift in Sources */,
				AF32740728E085FE00CF6858 /* WeatherApp.swift in Sources */,
				AF32742728E09AD400CF6858 /* ForecastView.swift in Sources */,
				AF32742028E091F400CF6858 /* TabBar.swift in Sources */,
				AFC5F8CA28E5BA470012E4C0 /* ForecastModel.swift in Sources */,
				AF32742228E0949100CF6858 /* Shapes.swift in Sources */,
				AFC5F8D028E5D7180012E4C0 /* NavigationBar.swift in Sources */,
			);
			runOnlyForDeploymentPostprocessing = 0;
		};
/* End PBXSourcesBuildPhase section */

/* Begin XCBuildConfiguration section */
		AF32740F28E0860200CF6858 /* Debug */ = {
			isa = XCBuildConfiguration;
			buildSettings = {
				ALWAYS_SEARCH_USER_PATHS = NO;
				CLANG_ANALYZER_NONNULL = YES;
				CLANG_ANALYZER_NUMBER_OBJECT_CONVERSION = YES_AGGRESSIVE;
				CLANG_CXX_LANGUAGE_STANDARD = "gnu++17";
				CLANG_ENABLE_MODULES = YES;
				CLANG_ENABLE_OBJC_ARC = YES;
				CLANG_ENABLE_OBJC_WEAK = YES;
				CLANG_WARN_BLOCK_CAPTURE_AUTORELEASING = YES;
				CLANG_WARN_BOOL_CONVERSION = YES;
				CLANG_WARN_COMMA = YES;
				CLANG_WARN_CONSTANT_CONVERSION = YES;
				CLANG_WARN_DEPRECATED_OBJC_IMPLEMENTATIONS = YES;
				CLANG_WARN_DIRECT_OBJC_ISA_USAGE = YES_ERROR;
				CLANG_WARN_DOCUMENTATION_COMMENTS = YES;
				CLANG_WARN_EMPTY_BODY = YES;
				CLANG_WARN_ENUM_CONVERSION = YES;
				CLANG_WARN_INFINITE_RECURSION = YES;
				CLANG_WARN_INT_CONVERSION = YES;
				CLANG_WARN_NON_LITERAL_NULL_CONVERSION = YES;
				CLANG_WARN_OBJC_IMPLICIT_RETAIN_SELF = YES;
				CLANG_WARN_OBJC_LITERAL_CONVERSION = YES;
				CLANG_WARN_OBJC_ROOT_CLASS = YES_ERROR;
				CLANG_WARN_QUOTED_INCLUDE_IN_FRAMEWORK_HEADER = YES;
				CLANG_WARN_RANGE_LOOP_ANALYSIS = YES;
				CLANG_WARN_STRICT_PROTOTYPES = YES;
				CLANG_WARN_SUSPICIOUS_MOVE = YES;
				CLANG_WARN_UNGUARDED_AVAILABILITY = YES_AGGRESSIVE;
				CLANG_WARN_UNREACHABLE_CODE = YES;
				CLANG_WARN__DUPLICATE_METHOD_MATCH = YES;
				COPY_PHASE_STRIP = NO;
				DEBUG_INFORMATION_FORMAT = dwarf;
				ENABLE_STRICT_OBJC_MSGSEND = YES;
				ENABLE_TESTABILITY = YES;
				GCC_C_LANGUAGE_STANDARD = gnu11;
				GCC_DYNAMIC_NO_PIC = NO;
				GCC_NO_COMMON_BLOCKS = YES;
				GCC_OPTIMIZATION_LEVEL = 0;
				GCC_PREPROCESSOR_DEFINITIONS = (
					"DEBUG=1",
					"$(inherited)",
				);
				GCC_WARN_64_TO_32_BIT_CONVERSION = YES;
				GCC_WARN_ABOUT_RETURN_TYPE = YES_ERROR;
				GCC_WARN_UNDECLARED_SELECTOR = YES;
				GCC_WARN_UNINITIALIZED_AUTOS = YES_AGGRESSIVE;
				GCC_WARN_UNUSED_FUNCTION = YES;
				GCC_WARN_UNUSED_VARIABLE = YES;
				IPHONEOS_DEPLOYMENT_TARGET = 15.5;
				MTL_ENABLE_DEBUG_INFO = INCLUDE_SOURCE;
				MTL_FAST_MATH = YES;
				ONLY_ACTIVE_ARCH = YES;
				SDKROOT = iphoneos;
				SWIFT_ACTIVE_COMPILATION_CONDITIONS = DEBUG;
				SWIFT_OPTIMIZATION_LEVEL = "-Onone";
			};
			name = Debug;
		};
		AF32741028E0860200CF6858 /* Release */ = {
			isa = XCBuildConfiguration;
			buildSettings = {
				ALWAYS_SEARCH_USER_PATHS = NO;
				CLANG_ANALYZER_NONNULL = YES;
				CLANG_ANALYZER_NUMBER_OBJECT_CONVERSION = YES_AGGRESSIVE;
				CLANG_CXX_LANGUAGE_STANDARD = "gnu++17";
				CLANG_ENABLE_MODULES = YES;
				CLANG_ENABLE_OBJC_ARC = YES;
				CLANG_ENABLE_OBJC_WEAK = YES;
				CLANG_WARN_BLOCK_CAPTURE_AUTORELEASING = YES;
				CLANG_WARN_BOOL_CONVERSION = YES;
				CLANG_WARN_COMMA = YES;
				CLANG_WARN_CONSTANT_CONVERSION = YES;
				CLANG_WARN_DEPRECATED_OBJC_IMPLEMENTATIONS = YES;
				CLANG_WARN_DIRECT_OBJC_ISA_USAGE = YES_ERROR;
				CLANG_WARN_DOCUMENTATION_COMMENTS = YES;
				CLANG_WARN_EMPTY_BODY = YES;
				CLANG_WARN_ENUM_CONVERSION = YES;
				CLANG_WARN_INFINITE_RECURSION = YES;
				CLANG_WARN_INT_CONVERSION = YES;
				CLANG_WARN_NON_LITERAL_NULL_CONVERSION = YES;
				CLANG_WARN_OBJC_IMPLICIT_RETAIN_SELF = YES;
				CLANG_WARN_OBJC_LITERAL_CONVERSION = YES;
				CLANG_WARN_OBJC_ROOT_CLASS = YES_ERROR;
				CLANG_WARN_QUOTED_INCLUDE_IN_FRAMEWORK_HEADER = YES;
				CLANG_WARN_RANGE_LOOP_ANALYSIS = YES;
				CLANG_WARN_STRICT_PROTOTYPES = YES;
				CLANG_WARN_SUSPICIOUS_MOVE = YES;
				CLANG_WARN_UNGUARDED_AVAILABILITY = YES_AGGRESSIVE;
				CLANG_WARN_UNREACHABLE_CODE = YES;
				CLANG_WARN__DUPLICATE_METHOD_MATCH = YES;
				COPY_PHASE_STRIP = NO;
				DEBUG_INFORMATION_FORMAT = "dwarf-with-dsym";
				ENABLE_NS_ASSERTIONS = NO;
				ENABLE_STRICT_OBJC_MSGSEND = YES;
				GCC_C_LANGUAGE_STANDARD = gnu11;
				GCC_NO_COMMON_BLOCKS = YES;
				GCC_WARN_64_TO_32_BIT_CONVERSION = YES;
				GCC_WARN_ABOUT_RETURN_TYPE = YES_ERROR;
				GCC_WARN_UNDECLARED_SELECTOR = YES;
				GCC_WARN_UNINITIALIZED_AUTOS = YES_AGGRESSIVE;
				GCC_WARN_UNUSED_FUNCTION = YES;
				GCC_WARN_UNUSED_VARIABLE = YES;
				IPHONEOS_DEPLOYMENT_TARGET = 15.5;
				MTL_ENABLE_DEBUG_INFO = NO;
				MTL_FAST_MATH = YES;
				SDKROOT = iphoneos;
				SWIFT_COMPILATION_MODE = wholemodule;
				SWIFT_OPTIMIZATION_LEVEL = "-O";
				VALIDATE_PRODUCT = YES;
			};
			name = Release;
		};
		AF32741228E0860200CF6858 /* Debug */ = {
			isa = XCBuildConfiguration;
			buildSettings = {
				ASSETCATALOG_COMPILER_APPICON_NAME = AppIcon;
				ASSETCATALOG_COMPILER_GLOBAL_ACCENT_COLOR_NAME = AccentColor;
				CODE_SIGN_STYLE = Automatic;
				CURRENT_PROJECT_VERSION = 1;
				DEVELOPMENT_ASSET_PATHS = "\"Weather/Preview Content\"";
				DEVELOPMENT_TEAM = 66XFVHP4G6;
				ENABLE_PREVIEWS = YES;
				GENERATE_INFOPLIST_FILE = YES;
				INFOPLIST_KEY_UIApplicationSceneManifest_Generation = YES;
				INFOPLIST_KEY_UIApplicationSupportsIndirectInputEvents = YES;
				INFOPLIST_KEY_UILaunchScreen_Generation = YES;
				INFOPLIST_KEY_UISupportedInterfaceOrientations_iPad = "UIInterfaceOrientationPortrait UIInterfaceOrientationPortraitUpsideDown UIInterfaceOrientationLandscapeLeft UIInterfaceOrientationLandscapeRight";
				INFOPLIST_KEY_UISupportedInterfaceOrientations_iPhone = "UIInterfaceOrientationPortrait UIInterfaceOrientationLandscapeLeft UIInterfaceOrientationLandscapeRight";
				LD_RUNPATH_SEARCH_PATHS = (
					"$(inherited)",
					"@executable_path/Frameworks",
				);
				MARKETING_VERSION = 1.0;
				PRODUCT_BUNDLE_IDENTIFIER = cpp.Weather;
				PRODUCT_NAME = "$(TARGET_NAME)";
				SWIFT_EMIT_LOC_STRINGS = YES;
				SWIFT_VERSION = 5.0;
				TARGETED_DEVICE_FAMILY = "1,2";
			};
			name = Debug;
		};
		AF32741328E0860200CF6858 /* Release */ = {
			isa = XCBuildConfiguration;
			buildSettings = {
				ASSETCATALOG_COMPILER_APPICON_NAME = AppIcon;
				ASSETCATALOG_COMPILER_GLOBAL_ACCENT_COLOR_NAME = AccentColor;
				CODE_SIGN_STYLE = Automatic;
				CURRENT_PROJECT_VERSION = 1;
				DEVELOPMENT_ASSET_PATHS = "\"Weather/Preview Content\"";
				DEVELOPMENT_TEAM = 66XFVHP4G6;
				ENABLE_PREVIEWS = YES;
				GENERATE_INFOPLIST_FILE = YES;
				INFOPLIST_KEY_UIApplicationSceneManifest_Generation = YES;
				INFOPLIST_KEY_UIApplicationSupportsIndirectInputEvents = YES;
				INFOPLIST_KEY_UILaunchScreen_Generation = YES;
				INFOPLIST_KEY_UISupportedInterfaceOrientations_iPad = "UIInterfaceOrientationPortrait UIInterfaceOrientationPortraitUpsideDown UIInterfaceOrientationLandscapeLeft UIInterfaceOrientationLandscapeRight";
				INFOPLIST_KEY_UISupportedInterfaceOrientations_iPhone = "UIInterfaceOrientationPortrait UIInterfaceOrientationLandscapeLeft UIInterfaceOrientationLandscapeRight";
				LD_RUNPATH_SEARCH_PATHS = (
					"$(inherited)",
					"@executable_path/Frameworks",
				);
				MARKETING_VERSION = 1.0;
				PRODUCT_BUNDLE_IDENTIFIER = cpp.Weather;
				PRODUCT_NAME = "$(TARGET_NAME)";
				SWIFT_EMIT_LOC_STRINGS = YES;
				SWIFT_VERSION = 5.0;
				TARGETED_DEVICE_FAMILY = "1,2";
			};
			name = Release;
		};
/* End XCBuildConfiguration section */

/* Begin XCConfigurationList section */
		AF3273FE28E085FE00CF6858 /* Build configuration list for PBXProject "Weather" */ = {
			isa = XCConfigurationList;
			buildConfigurations = (
				AF32740F28E0860200CF6858 /* Debug */,
				AF32741028E0860200CF6858 /* Release */,
			);
			defaultConfigurationIsVisible = 0;
			defaultConfigurationName = Release;
		};
		AF32741128E0860200CF6858 /* Build configuration list for PBXNativeTarget "Weather" */ = {
			isa = XCConfigurationList;
			buildConfigurations = (
				AF32741228E0860200CF6858 /* Debug */,
				AF32741328E0860200CF6858 /* Release */,
			);
			defaultConfigurationIsVisible = 0;
			defaultConfigurationName = Release;
		};
/* End XCConfigurationList section */

/* Begin XCRemoteSwiftPackageReference section */
		AF32742328E0993100CF6858 /* XCRemoteSwiftPackageReference "BottomSheet" */ = {
			isa = XCRemoteSwiftPackageReference;
			repositoryURL = "https://github.com/Wouter125/BottomSheet";
			requirement = {
				branch = main;
				kind = branch;
			};
		};
/* End XCRemoteSwiftPackageReference section */

/* Begin XCSwiftPackageProductDependency section */
		AF32742428E0993100CF6858 /* BottomSheet */ = {
			isa = XCSwiftPackageProductDependency;
			package = AF32742328E0993100CF6858 /* XCRemoteSwiftPackageReference "BottomSheet" */;
			productName = BottomSheet;
		};
/* End XCSwiftPackageProductDependency section */
	};
	rootObject = AF3273FB28E085FE00CF6858 /* Project object */;
}
